
Microsoft Visual Studio Solution File, Format Version 12.00
# Visual Studio Version 17
VisualStudioVersion = 17.0.31903.59
MinimumVisualStudioVersion = 10.0.40219.1
Project("{FAE04EC0-301F-11D3-BF4B-00C04F79EFBC}") = "Circle_Lab", "Circle_Lab.csproj", "{AFD09A58-21AA-4303-B491-484FCC7C3D97}"
EndProject
Global
	GlobalSection(SolutionConfigurationPlatforms) = preSolution
		Debug|Any CPU = Debug|Any CPU
		Release|Any CPU = Release|Any CPU
	EndGlobalSection
	GlobalSection(SolutionProperties) = preSolution
		HideSolutionNode = FALSE
	EndGlobalSection
	GlobalSection(ProjectConfigurationPlatforms) = postSolution
		{AFD09A58-21AA-4303-B491-484FCC7C3D97}.Debug|Any CPU.ActiveCfg = Debug|Any CPU
		{AFD09A58-21AA-4303-B491-484FCC7C3D97}.Debug|Any CPU.Build.0 = Debug|Any CPU
		{AFD09A58-21AA-4303-B491-484FCC7C3D97}.Release|Any CPU.ActiveCfg = Release|Any CPU
		{AFD09A58-21AA-4303-B491-484FCC7C3D97}.Release|Any CPU.Build.0 = Release|Any CPU
	EndGlobalSection
EndGlobal
